
Microsoft Visual Studio Solution File, Format Version 12.00
# Visual Studio 15
VisualStudioVersion = 15.0.26124.0
MinimumVisualStudioVersion = 15.0.26124.0
Project("{9A19103F-16F7-4668-BE54-9A1E7A4F7556}") = "sven.api", "sven.api\sven.api.csproj", "{2F1CF156-2877-4825-B7E2-5F24BE2ABBB7}"
EndProject
Project("{9A19103F-16F7-4668-BE54-9A1E7A4F7556}") = "sven.business", "sven.business\sven.business.csproj", "{BB10548D-1F56-4EA2-8061-D2F7D573C5A7}"
EndProject
Project("{9A19103F-16F7-4668-BE54-9A1E7A4F7556}") = "sven.models", "sven.models\sven.models.csproj", "{C8020854-79F5-436D-87F9-B81DCFF4833B}"
EndProject
Global
	GlobalSection(SolutionConfigurationPlatforms) = preSolution
		Debug|Any CPU = Debug|Any CPU
		Debug|x64 = Debug|x64
		Debug|x86 = Debug|x86
		Release|Any CPU = Release|Any CPU
		Release|x64 = Release|x64
		Release|x86 = Release|x86
	EndGlobalSection
	GlobalSection(ProjectConfigurationPlatforms) = postSolution
		{2F1CF156-2877-4825-B7E2-5F24BE2ABBB7}.Debug|Any CPU.ActiveCfg = Debug|Any CPU
		{2F1CF156-2877-4825-B7E2-5F24BE2ABBB7}.Debug|Any CPU.Build.0 = Debug|Any CPU
		{2F1CF156-2877-4825-B7E2-5F24BE2ABBB7}.Debug|x64.ActiveCfg = Debug|Any CPU
		{2F1CF156-2877-4825-B7E2-5F24BE2ABBB7}.Debug|x64.Build.0 = Debug|Any CPU
		{2F1CF156-2877-4825-B7E2-5F24BE2ABBB7}.Debug|x86.ActiveCfg = Debug|Any CPU
		{2F1CF156-2877-4825-B7E2-5F24BE2ABBB7}.Debug|x86.Build.0 = Debug|Any CPU
		{2F1CF156-2877-4825-B7E2-5F24BE2ABBB7}.Release|Any CPU.ActiveCfg = Release|Any CPU
		{2F1CF156-2877-4825-B7E2-5F24BE2ABBB7}.Release|Any CPU.Build.0 = Release|Any CPU
		{2F1CF156-2877-4825-B7E2-5F24BE2ABBB7}.Release|x64.ActiveCfg = Release|Any CPU
		{2F1CF156-2877-4825-B7E2-5F24BE2ABBB7}.Release|x64.Build.0 = Release|Any CPU
		{2F1CF156-2877-4825-B7E2-5F24BE2ABBB7}.Release|x86.ActiveCfg = Release|Any CPU
		{2F1CF156-2877-4825-B7E2-5F24BE2ABBB7}.Release|x86.Build.0 = Release|Any CPU
		{BB10548D-1F56-4EA2-8061-D2F7D573C5A7}.Debug|Any CPU.ActiveCfg = Debug|Any CPU
		{BB10548D-1F56-4EA2-8061-D2F7D573C5A7}.Debug|Any CPU.Build.0 = Debug|Any CPU
		{BB10548D-1F56-4EA2-8061-D2F7D573C5A7}.Debug|x64.ActiveCfg = Debug|Any CPU
		{BB10548D-1F56-4EA2-8061-D2F7D573C5A7}.Debug|x64.Build.0 = Debug|Any CPU
		{BB10548D-1F56-4EA2-8061-D2F7D573C5A7}.Debug|x86.ActiveCfg = Debug|Any CPU
		{BB10548D-1F56-4EA2-8061-D2F7D573C5A7}.Debug|x86.Build.0 = Debug|Any CPU
		{BB10548D-1F56-4EA2-8061-D2F7D573C5A7}.Release|Any CPU.ActiveCfg = Release|Any CPU
		{BB10548D-1F56-4EA2-8061-D2F7D573C5A7}.Release|Any CPU.Build.0 = Release|Any CPU
		{BB10548D-1F56-4EA2-8061-D2F7D573C5A7}.Release|x64.ActiveCfg = Release|Any CPU
		{BB10548D-1F56-4EA2-8061-D2F7D573C5A7}.Release|x64.Build.0 = Release|Any CPU
		{BB10548D-1F56-4EA2-8061-D2F7D573C5A7}.Release|x86.ActiveCfg = Release|Any CPU
		{BB10548D-1F56-4EA2-8061-D2F7D573C5A7}.Release|x86.Build.0 = Release|Any CPU
		{C8020854-79F5-436D-87F9-B81DCFF4833B}.Debug|Any CPU.ActiveCfg = Debug|Any CPU
		{C8020854-79F5-436D-87F9-B81DCFF4833B}.Debug|Any CPU.Build.0 = Debug|Any CPU
		{C8020854-79F5-436D-87F9-B81DCFF4833B}.Debug|x64.ActiveCfg = Debug|Any CPU
		{C8020854-79F5-436D-87F9-B81DCFF4833B}.Debug|x64.Build.0 = Debug|Any CPU
		{C8020854-79F5-436D-87F9-B81DCFF4833B}.Debug|x86.ActiveCfg = Debug|Any CPU
		{C8020854-79F5-436D-87F9-B81DCFF4833B}.Debug|x86.Build.0 = Debug|Any CPU
		{C8020854-79F5-436D-87F9-B81DCFF4833B}.Release|Any CPU.ActiveCfg = Release|Any CPU
		{C8020854-79F5-436D-87F9-B81DCFF4833B}.Release|Any CPU.Build.0 = Release|Any CPU
		{C8020854-79F5-436D-87F9-B81DCFF4833B}.Release|x64.ActiveCfg = Release|Any CPU
		{C8020854-79F5-436D-87F9-B81DCFF4833B}.Release|x64.Build.0 = Release|Any CPU
		{C8020854-79F5-436D-87F9-B81DCFF4833B}.Release|x86.ActiveCfg = Release|Any CPU
		{C8020854-79F5-436D-87F9-B81DCFF4833B}.Release|x86.Build.0 = Release|Any CPU
	EndGlobalSection
	GlobalSection(SolutionProperties) = preSolution
		HideSolutionNode = FALSE
	EndGlobalSection
	GlobalSection(ExtensibilityGlobals) = postSolution
		SolutionGuid = {37916B40-62F0-4D8F-9119-62CF6098C28C}
	EndGlobalSection
EndGlobal
